
Microsoft Visual Studio Solution File, Format Version 12.00
# Visual Studio Version 17
VisualStudioVersion = 17.7.34024.191
MinimumVisualStudioVersion = 10.0.40219.1
Project("{FAE04EC0-301F-11D3-BF4B-00C04F79EFBC}") = "Task08", "Task08.csproj", "{1A4CB84E-1C4E-47D8-9888-1437371778EC}"
EndProject
Global
	GlobalSection(SolutionConfigurationPlatforms) = preSolution
		Debug|Any CPU = Debug|Any CPU
		Release|Any CPU = Release|Any CPU
	EndGlobalSection
	GlobalSection(ProjectConfigurationPlatforms) = postSolution
		{1A4CB84E-1C4E-47D8-9888-1437371778EC}.Debug|Any CPU.ActiveCfg = Debug|Any CPU
		{1A4CB84E-1C4E-47D8-9888-1437371778EC}.Debug|Any CPU.Build.0 = Debug|Any CPU
		{1A4CB84E-1C4E-47D8-9888-1437371778EC}.Release|Any CPU.ActiveCfg = Release|Any CPU
		{1A4CB84E-1C4E-47D8-9888-1437371778EC}.Release|Any CPU.Build.0 = Release|Any CPU
	EndGlobalSection
	GlobalSection(SolutionProperties) = preSolution
		HideSolutionNode = FALSE
	EndGlobalSection
	GlobalSection(ExtensibilityGlobals) = postSolution
		SolutionGuid = {D3D4EA61-045F-4F03-A4EE-FFAD8345EA34}
	EndGlobalSection
EndGlobal
