
Microsoft Visual Studio Solution File, Format Version 12.00
# Visual Studio Version 17
VisualStudioVersion = 17.7.34024.191
MinimumVisualStudioVersion = 10.0.40219.1
Project("{FAE04EC0-301F-11D3-BF4B-00C04F79EFBC}") = "Task35", "Task35.csproj", "{AB40C786-3D88-44B5-9469-2F3FC4C926EB}"
EndProject
Global
	GlobalSection(SolutionConfigurationPlatforms) = preSolution
		Debug|Any CPU = Debug|Any CPU
		Release|Any CPU = Release|Any CPU
	EndGlobalSection
	GlobalSection(ProjectConfigurationPlatforms) = postSolution
		{AB40C786-3D88-44B5-9469-2F3FC4C926EB}.Debug|Any CPU.ActiveCfg = Debug|Any CPU
		{AB40C786-3D88-44B5-9469-2F3FC4C926EB}.Debug|Any CPU.Build.0 = Debug|Any CPU
		{AB40C786-3D88-44B5-9469-2F3FC4C926EB}.Release|Any CPU.ActiveCfg = Release|Any CPU
		{AB40C786-3D88-44B5-9469-2F3FC4C926EB}.Release|Any CPU.Build.0 = Release|Any CPU
	EndGlobalSection
	GlobalSection(SolutionProperties) = preSolution
		HideSolutionNode = FALSE
	EndGlobalSection
	GlobalSection(ExtensibilityGlobals) = postSolution
		SolutionGuid = {1EF8D3B1-D328-448B-BF5C-1DDDBEC85369}
	EndGlobalSection
EndGlobal
