
Microsoft Visual Studio Solution File, Format Version 12.00
# Visual Studio Version 17
VisualStudioVersion = 17.7.34024.191
MinimumVisualStudioVersion = 10.0.40219.1
Project("{FAE04EC0-301F-11D3-BF4B-00C04F79EFBC}") = "Task38", "Task38.csproj", "{DEC3F4B7-CB1B-4DC1-B802-B1285FDF8D5D}"
EndProject
Global
	GlobalSection(SolutionConfigurationPlatforms) = preSolution
		Debug|Any CPU = Debug|Any CPU
		Release|Any CPU = Release|Any CPU
	EndGlobalSection
	GlobalSection(ProjectConfigurationPlatforms) = postSolution
		{DEC3F4B7-CB1B-4DC1-B802-B1285FDF8D5D}.Debug|Any CPU.ActiveCfg = Debug|Any CPU
		{DEC3F4B7-CB1B-4DC1-B802-B1285FDF8D5D}.Debug|Any CPU.Build.0 = Debug|Any CPU
		{DEC3F4B7-CB1B-4DC1-B802-B1285FDF8D5D}.Release|Any CPU.ActiveCfg = Release|Any CPU
		{DEC3F4B7-CB1B-4DC1-B802-B1285FDF8D5D}.Release|Any CPU.Build.0 = Release|Any CPU
	EndGlobalSection
	GlobalSection(SolutionProperties) = preSolution
		HideSolutionNode = FALSE
	EndGlobalSection
	GlobalSection(ExtensibilityGlobals) = postSolution
		SolutionGuid = {69CAE8A9-EB6E-46BE-9BDE-35E796F4D110}
	EndGlobalSection
EndGlobal
