
Microsoft Visual Studio Solution File, Format Version 12.00
# Visual Studio Version 17
VisualStudioVersion = 17.7.34024.191
MinimumVisualStudioVersion = 10.0.40219.1
Project("{FAE04EC0-301F-11D3-BF4B-00C04F79EFBC}") = "Task39", "Task39.csproj", "{8ED1B888-D78E-40A2-98A2-E6F5C016C15C}"
EndProject
Global
	GlobalSection(SolutionConfigurationPlatforms) = preSolution
		Debug|Any CPU = Debug|Any CPU
		Release|Any CPU = Release|Any CPU
	EndGlobalSection
	GlobalSection(ProjectConfigurationPlatforms) = postSolution
		{8ED1B888-D78E-40A2-98A2-E6F5C016C15C}.Debug|Any CPU.ActiveCfg = Debug|Any CPU
		{8ED1B888-D78E-40A2-98A2-E6F5C016C15C}.Debug|Any CPU.Build.0 = Debug|Any CPU
		{8ED1B888-D78E-40A2-98A2-E6F5C016C15C}.Release|Any CPU.ActiveCfg = Release|Any CPU
		{8ED1B888-D78E-40A2-98A2-E6F5C016C15C}.Release|Any CPU.Build.0 = Release|Any CPU
	EndGlobalSection
	GlobalSection(SolutionProperties) = preSolution
		HideSolutionNode = FALSE
	EndGlobalSection
	GlobalSection(ExtensibilityGlobals) = postSolution
		SolutionGuid = {2D2E415E-353E-449A-B01D-EB0FF46976C3}
	EndGlobalSection
EndGlobal
