
Microsoft Visual Studio Solution File, Format Version 12.00
# Visual Studio Version 17
VisualStudioVersion = 17.7.34024.191
MinimumVisualStudioVersion = 10.0.40219.1
Project("{FAE04EC0-301F-11D3-BF4B-00C04F79EFBC}") = "Task32", "Task32.csproj", "{5A2604D5-A686-4B17-8819-3170A85DB693}"
EndProject
Global
	GlobalSection(SolutionConfigurationPlatforms) = preSolution
		Debug|Any CPU = Debug|Any CPU
		Release|Any CPU = Release|Any CPU
	EndGlobalSection
	GlobalSection(ProjectConfigurationPlatforms) = postSolution
		{5A2604D5-A686-4B17-8819-3170A85DB693}.Debug|Any CPU.ActiveCfg = Debug|Any CPU
		{5A2604D5-A686-4B17-8819-3170A85DB693}.Debug|Any CPU.Build.0 = Debug|Any CPU
		{5A2604D5-A686-4B17-8819-3170A85DB693}.Release|Any CPU.ActiveCfg = Release|Any CPU
		{5A2604D5-A686-4B17-8819-3170A85DB693}.Release|Any CPU.Build.0 = Release|Any CPU
	EndGlobalSection
	GlobalSection(SolutionProperties) = preSolution
		HideSolutionNode = FALSE
	EndGlobalSection
	GlobalSection(ExtensibilityGlobals) = postSolution
		SolutionGuid = {4B957D25-2FCB-40C4-A087-6E21623D4ADB}
	EndGlobalSection
EndGlobal
